
Microsoft Visual Studio Solution File, Format Version 12.00
# Visual Studio Version 17
VisualStudioVersion = 17.2.32516.85
MinimumVisualStudioVersion = 10.0.40219.1
Project("{FAE04EC0-301F-11D3-BF4B-00C04F79EFBC}") = "Project", "Project.csproj", "{8CA1E2FF-467D-46B4-8C6A-41BAA305BF2F}"
EndProject
Global
	GlobalSection(SolutionConfigurationPlatforms) = preSolution
		Debug|Any CPU = Debug|Any CPU
		Release|Any CPU = Release|Any CPU
	EndGlobalSection
	GlobalSection(ProjectConfigurationPlatforms) = postSolution
		{8CA1E2FF-467D-46B4-8C6A-41BAA305BF2F}.Debug|Any CPU.ActiveCfg = Debug|Any CPU
		{8CA1E2FF-467D-46B4-8C6A-41BAA305BF2F}.Debug|Any CPU.Build.0 = Debug|Any CPU
		{8CA1E2FF-467D-46B4-8C6A-41BAA305BF2F}.Release|Any CPU.ActiveCfg = Release|Any CPU
		{8CA1E2FF-467D-46B4-8C6A-41BAA305BF2F}.Release|Any CPU.Build.0 = Release|Any CPU
	EndGlobalSection
	GlobalSection(SolutionProperties) = preSolution
		HideSolutionNode = FALSE
	EndGlobalSection
	GlobalSection(ExtensibilityGlobals) = postSolution
		SolutionGuid = {BE579C7A-C729-4014-B4B3-B245B52C3394}
	EndGlobalSection
EndGlobal
